
Microsoft Visual Studio Solution File, Format Version 12.00
# Visual Studio Version 17
VisualStudioVersion = 17.0.32014.148
MinimumVisualStudioVersion = 10.0.40219.1
Project("{FAE04EC0-301F-11D3-BF4B-00C04F79EFBC}") = "PasswordManager", "PasswordManager.csproj", "{2C408095-80B6-4F2F-B147-623A8D925CFA}"
EndProject
Global
	GlobalSection(SolutionConfigurationPlatforms) = preSolution
		Debug|Any CPU = Debug|Any CPU
		Release|Any CPU = Release|Any CPU
	EndGlobalSection
	GlobalSection(ProjectConfigurationPlatforms) = postSolution
		{2C408095-80B6-4F2F-B147-623A8D925CFA}.Debug|Any CPU.ActiveCfg = Debug|Any CPU
		{2C408095-80B6-4F2F-B147-623A8D925CFA}.Debug|Any CPU.Build.0 = Debug|Any CPU
		{2C408095-80B6-4F2F-B147-623A8D925CFA}.Release|Any CPU.ActiveCfg = Release|Any CPU
		{2C408095-80B6-4F2F-B147-623A8D925CFA}.Release|Any CPU.Build.0 = Release|Any CPU
	EndGlobalSection
	GlobalSection(SolutionProperties) = preSolution
		HideSolutionNode = FALSE
	EndGlobalSection
	GlobalSection(ExtensibilityGlobals) = postSolution
		SolutionGuid = {76F42D96-4820-45FF-AB2E-8C9A3E3BDCC3}
	EndGlobalSection
EndGlobal
